
Microsoft Visual Studio Solution File, Format Version 12.00
# Visual Studio Version 17
VisualStudioVersion = 17.3.32901.215
MinimumVisualStudioVersion = 10.0.40219.1
Project("{FAE04EC0-301F-11D3-BF4B-00C04F79EFBC}") = "EchoService", "EchoService.csproj", "{813DA1FA-78F6-43AB-ACDF-E4FA96810221}"
EndProject
Global
	GlobalSection(SolutionConfigurationPlatforms) = preSolution
		Debug|Any CPU = Debug|Any CPU
		Release|Any CPU = Release|Any CPU
	EndGlobalSection
	GlobalSection(ProjectConfigurationPlatforms) = postSolution
		{813DA1FA-78F6-43AB-ACDF-E4FA96810221}.Debug|Any CPU.ActiveCfg = Debug|Any CPU
		{813DA1FA-78F6-43AB-ACDF-E4FA96810221}.Debug|Any CPU.Build.0 = Debug|Any CPU
		{813DA1FA-78F6-43AB-ACDF-E4FA96810221}.Release|Any CPU.ActiveCfg = Release|Any CPU
		{813DA1FA-78F6-43AB-ACDF-E4FA96810221}.Release|Any CPU.Build.0 = Release|Any CPU
	EndGlobalSection
	GlobalSection(SolutionProperties) = preSolution
		HideSolutionNode = FALSE
	EndGlobalSection
	GlobalSection(ExtensibilityGlobals) = postSolution
		SolutionGuid = {22A3D147-F3A2-4046-8D7B-E03E45B3EDD0}
	EndGlobalSection
EndGlobal
